// !$*UTF8*$!
{
	archiveVersion = 1;
	classes = {
	};
	objectVersion = 46;
	objects = {

/* Begin PBXBuildFile section */
		CE3476881AFC15D8001A6F20 /* mMultiWithStarintPos.c in Sources */ = {isa = PBXBuildFile; fileRef = CE3476871AFC15D8001A6F20 /* mMultiWithStarintPos.c */; };
/* End PBXBuildFile section */

/* Begin PBXCopyFilesBuildPhase section */
		CE3476731AFB8A64001A6F20 /* CopyFiles */ = {
			isa = PBXCopyFilesBuildPhase;
			buildActionMask = 2147483647;
			dstPath = /usr/share/man/man1/;
			dstSubfolderSpec = 0;
			files = (
			);
			runOnlyForDeploymentPostprocessing = 1;
		};
/* End PBXCopyFilesBuildPhase section */

/* Begin PBXFileReference section */
		CE3476751AFB8A64001A6F20 /* dataStructureHW6 */ = {isa = PBXFileReference; explicitFileType = "compiled.mach-o.executable"; includeInIndex = 0; path = dataStructureHW6; sourceTree = BUILT_PRODUCTS_DIR; };
		CE3476871AFC15D8001A6F20 /* mMultiWithStarintPos.c */ = {isa = PBXFileReference; fileEncoding = 4; lastKnownFileType = sourcecode.c.c; path = mMultiWithStarintPos.c; sourceTree = "<group>"; };
/* End PBXFileReference section */

/* Begin PBXFrameworksBuildPhase section */
		CE3476721AFB8A64001A6F20 /* Frameworks */ = {
			isa = PBXFrameworksBuildPhase;
			buildActionMask = 2147483647;
			files = (
			);
			runOnlyForDeploymentPostprocessing = 0;
		};
/* End PBXFrameworksBuildPhase section */

/* Begin PBXGroup section */
		CE34766C1AFB8A64001A6F20 = {
			isa = PBXGroup;
			children = (
				CE3476771AFB8A64001A6F20 /* dataStructureHW6 */,
				CE3476761AFB8A64001A6F20 /* Products */,
			);
			sourceTree = "<group>";
		};
		CE3476761AFB8A64001A6F20 /* Products */ = {
			isa = PBXGroup;
			children = (
				CE3476751AFB8A64001A6F20 /* dataStructureHW6 */,
			);
			name = Products;
			sourceTree = "<group>";
		};
		CE3476771AFB8A64001A6F20 /* dataStructureHW6 */ = {
			isa = PBXGroup;
			children = (
				CE3476871AFC15D8001A6F20 /* mMultiWithStarintPos.c */,
			);
			path = dataStructureHW6;
			sourceTree = "<group>";
		};
/* End PBXGroup section */

/* Begin PBXNativeTarget section */
		CE3476741AFB8A64001A6F20 /* dataStructureHW6 */ = {
			isa = PBXNativeTarget;
			buildConfigurationList = CE34767C1AFB8A64001A6F20 /* Build configuration list for PBXNativeTarget "dataStructureHW6" */;
			buildPhases = (
				CE3476711AFB8A64001A6F20 /* Sources */,
				CE3476721AFB8A64001A6F20 /* Frameworks */,
				CE3476731AFB8A64001A6F20 /* CopyFiles */,
			);
			buildRules = (
			);
			dependencies = (
			);
			name = dataStructureHW6;
			productName = dataStructureHW6;
			productReference = CE3476751AFB8A64001A6F20 /* dataStructureHW6 */;
			productType = "com.apple.product-type.tool";
		};
/* End PBXNativeTarget section */

/* Begin PBXProject section */
		CE34766D1AFB8A64001A6F20 /* Project object */ = {
			isa = PBXProject;
			attributes = {
				LastUpgradeCheck = 0620;
				ORGANIZATIONNAME = "Kate KyuWon";
				TargetAttributes = {
					CE3476741AFB8A64001A6F20 = {
						CreatedOnToolsVersion = 6.2;
					};
				};
			};
			buildConfigurationList = CE3476701AFB8A64001A6F20 /* Build configuration list for PBXProject "dataStructureHW6" */;
			compatibilityVersion = "Xcode 3.2";
			developmentRegion = English;
			hasScannedForEncodings = 0;
			knownRegions = (
				en,
			);
			mainGroup = CE34766C1AFB8A64001A6F20;
			productRefGroup = CE3476761AFB8A64001A6F20 /* Products */;
			projectDirPath = "";
			projectRoot = "";
			targets = (
				CE3476741AFB8A64001A6F20 /* dataStructureHW6 */,
			);
		};
/* End PBXProject section */

/* Begin PBXSourcesBuildPhase section */
		CE3476711AFB8A64001A6F20 /* Sources */ = {
			isa = PBXSourcesBuildPhase;
			buildActionMask = 2147483647;
			files = (
				CE3476881AFC15D8001A6F20 /* mMultiWithStarintPos.c in Sources */,
			);
			runOnlyForDeploymentPostprocessing = 0;
		};
/* End PBXSourcesBuildPhase section */

/* Begin XCBuildConfiguration section */
		CE34767A1AFB8A64001A6F20 /* Debug */ = {
			isa = XCBuildConfiguration;
			buildSettings = {
				ALWAYS_SEARCH_USER_PATHS = NO;
				CLANG_CXX_LANGUAGE_STANDARD = "gnu++0x";
				CLANG_CXX_LIBRARY = "libc++";
				CLANG_ENABLE_MODULES = YES;
				CLANG_ENABLE_OBJC_ARC = YES;
				CLANG_WARN_BOOL_CONVERSION = YES;
				CLANG_WARN_CONSTANT_CONVERSION = YES;
				CLANG_WARN_DIRECT_OBJC_ISA_USAGE = YES_ERROR;
				CLANG_WARN_EMPTY_BODY = YES;
				CLANG_WARN_ENUM_CONVERSION = YES;
				CLANG_WARN_INT_CONVERSION = YES;
				CLANG_WARN_OBJC_ROOT_CLASS = YES_ERROR;
				CLANG_WARN_UNREACHABLE_CODE = YES;
				CLANG_WARN__DUPLICATE_METHOD_MATCH = YES;
				COPY_PHASE_STRIP = NO;
				ENABLE_STRICT_OBJC_MSGSEND = YES;
				GCC_C_LANGUAGE_STANDARD = gnu99;
				GCC_DYNAMIC_NO_PIC = NO;
				GCC_OPTIMIZATION_LEVEL = 0;
				GCC_PREPROCESSOR_DEFINITIONS = (
					"DEBUG=1",
					"$(inherited)",
				);
				GCC_SYMBOLS_PRIVATE_EXTERN = NO;
				GCC_WARN_64_TO_32_BIT_CONVERSION = YES;
				GCC_WARN_ABOUT_RETURN_TYPE = YES_ERROR;
				GCC_WARN_UNDECLARED_SELECTOR = YES;
				GCC_WARN_UNINITIALIZED_AUTOS = YES_AGGRESSIVE;
				GCC_WARN_UNUSED_FUNCTION = YES;
				GCC_WARN_UNUSED_VARIABLE = YES;
				MACOSX_DEPLOYMENT_TARGET = 10.10;
				MTL_ENABLE_DEBUG_INFO = YES;
				ONLY_ACTIVE_ARCH = YES;
				SDKROOT = macosx;
			};
			name = Debug;
		};
		CE34767B1AFB8A64001A6F20 /* Release */ = {
			isa = XCBuildConfiguration;
			buildSettings = {
				ALWAYS_SEARCH_USER_PATHS = NO;
				CLANG_CXX_LANGUAGE_STANDARD = "gnu++0x";
				CLANG_CXX_LIBRARY = "libc++";
				CLANG_ENABLE_MODULES = YES;
				CLANG_ENABLE_OBJC_ARC = YES;
				CLANG_WARN_BOOL_CONVERSION = YES;
				CLANG_WARN_CONSTANT_CONVERSION = YES;
				CLANG_WARN_DIRECT_OBJC_ISA_USAGE = YES_ERROR;
				CLANG_WARN_EMPTY_BODY = YES;
				CLANG_WARN_ENUM_CONVERSION = YES;
				CLANG_WARN_INT_CONVERSION = YES;
				CLANG_WARN_OBJC_ROOT_CLASS = YES_ERROR;
				CLANG_WARN_UNREACHABLE_CODE = YES;
				CLANG_WARN__DUPLICATE_METHOD_MATCH = YES;
				COPY_PHASE_STRIP = NO;
				DEBUG_INFORMATION_FORMAT = "dwarf-with-dsym";
				ENABLE_NS_ASSERTIONS = NO;
				ENABLE_STRICT_OBJC_MSGSEND = YES;
				GCC_C_LANGUAGE_STANDARD = gnu99;
				GCC_WARN_64_TO_32_BIT_CONVERSION = YES;
				GCC_WARN_ABOUT_RETURN_TYPE = YES_ERROR;
				GCC_WARN_UNDECLARED_SELECTOR = YES;
				GCC_WARN_UNINITIALIZED_AUTOS = YES_AGGRESSIVE;
				GCC_WARN_UNUSED_FUNCTION = YES;
				GCC_WARN_UNUSED_VARIABLE = YES;
				MACOSX_DEPLOYMENT_TARGET = 10.10;
				MTL_ENABLE_DEBUG_INFO = NO;
				SDKROOT = macosx;
			};
			name = Release;
		};
		CE34767D1AFB8A64001A6F20 /* Debug */ = {
			isa = XCBuildConfiguration;
			buildSettings = {
				PRODUCT_NAME = "$(TARGET_NAME)";
			};
			name = Debug;
		};
		CE34767E1AFB8A64001A6F20 /* Release */ = {
			isa = XCBuildConfiguration;
			buildSettings = {
				PRODUCT_NAME = "$(TARGET_NAME)";
			};
			name = Release;
		};
/* End XCBuildConfiguration section */

/* Begin XCConfigurationList section */
		CE3476701AFB8A64001A6F20 /* Build configuration list for PBXProject "dataStructureHW6" */ = {
			isa = XCConfigurationList;
			buildConfigurations = (
				CE34767A1AFB8A64001A6F20 /* Debug */,
				CE34767B1AFB8A64001A6F20 /* Release */,
			);
			defaultConfigurationIsVisible = 0;
			defaultConfigurationName = Release;
		};
		CE34767C1AFB8A64001A6F20 /* Build configuration list for PBXNativeTarget "dataStructureHW6" */ = {
			isa = XCConfigurationList;
			buildConfigurations = (
				CE34767D1AFB8A64001A6F20 /* Debug */,
				CE34767E1AFB8A64001A6F20 /* Release */,
			);
			defaultConfigurationIsVisible = 0;
			defaultConfigurationName = Release;
		};
/* End XCConfigurationList section */
	};
	rootObject = CE34766D1AFB8A64001A6F20 /* Project object */;
}
